// !$*UTF8*$!
{
	archiveVersion = 1;
	classes = {
	};
	objectVersion = 46;
	objects = {

/* Begin PBXBuildFile section */
		0F3CE70F1A9CCBED001F432C /* support.mm in Sources */ = {isa = PBXBuildFile; fileRef = 0F3CE70E1A9CCBED001F432C /* support.mm */; };
		0F54EDD61A9F6CDE005C41AA /* capture.swift in Sources */ = {isa = PBXBuildFile; fileRef = 0F54EDD51A9F6CDE005C41AA /* capture.swift */; };
		0FB9639D1A38C13000EC40AE /* main.swift in Sources */ = {isa = PBXBuildFile; fileRef = 0FB9639C1A38C13000EC40AE /* main.swift */; };
		0FB963A71A38C2C700EC40AE /* CommandLine.swift in Sources */ = {isa = PBXBuildFile; fileRef = 0FB963A31A38C2C700EC40AE /* CommandLine.swift */; };
		0FB963A81A38C2C700EC40AE /* Option.swift in Sources */ = {isa = PBXBuildFile; fileRef = 0FB963A51A38C2C700EC40AE /* Option.swift */; };
		0FB963A91A38C2C700EC40AE /* StringExtensions.swift in Sources */ = {isa = PBXBuildFile; fileRef = 0FB963A61A38C2C700EC40AE /* StringExtensions.swift */; };
		9AE269B81CABF509008D8F75 /* PluginHeaderHelper.cpp in Sources */ = {isa = PBXBuildFile; fileRef = 9AE269B61CABF509008D8F75 /* PluginHeaderHelper.cpp */; };
/* End PBXBuildFile section */

/* Begin PBXCopyFilesBuildPhase section */
		0FB963971A38C13000EC40AE /* CopyFiles */ = {
			isa = PBXCopyFilesBuildPhase;
			buildActionMask = 2147483647;
			dstPath = /usr/share/man/man1/;
			dstSubfolderSpec = 0;
			files = (
			);
			runOnlyForDeploymentPostprocessing = 1;
		};
/* End PBXCopyFilesBuildPhase section */

/* Begin PBXFileReference section */
		0F3CE70D1A9CCBED001F432C /* xrecord-Bridging-Header.h */ = {isa = PBXFileReference; lastKnownFileType = sourcecode.c.h; path = "xrecord-Bridging-Header.h"; sourceTree = "<group>"; };
		0F3CE70E1A9CCBED001F432C /* support.mm */ = {isa = PBXFileReference; fileEncoding = 4; lastKnownFileType = sourcecode.cpp.objcpp; path = support.mm; sourceTree = "<group>"; };
		0F3CE7101A9CCD34001F432C /* support.h */ = {isa = PBXFileReference; lastKnownFileType = sourcecode.c.h; path = support.h; sourceTree = "<group>"; };
		0F54EDD51A9F6CDE005C41AA /* capture.swift */ = {isa = PBXFileReference; fileEncoding = 4; lastKnownFileType = sourcecode.swift; path = capture.swift; sourceTree = "<group>"; };
		0F5EB0971A9FC08E0029F654 /* LICENSE */ = {isa = PBXFileReference; fileEncoding = 4; lastKnownFileType = text; path = LICENSE; sourceTree = "<group>"; };
		0FB963991A38C13000EC40AE /* xrecord */ = {isa = PBXFileReference; explicitFileType = "compiled.mach-o.executable"; includeInIndex = 0; path = xrecord; sourceTree = BUILT_PRODUCTS_DIR; };
		0FB9639C1A38C13000EC40AE /* main.swift */ = {isa = PBXFileReference; lastKnownFileType = sourcecode.swift; path = main.swift; sourceTree = "<group>"; };
		0FB963A31A38C2C700EC40AE /* CommandLine.swift */ = {isa = PBXFileReference; fileEncoding = 4; lastKnownFileType = sourcecode.swift; name = CommandLine.swift; path = CommandLine/CommandLine.swift; sourceTree = SOURCE_ROOT; };
		0FB963A51A38C2C700EC40AE /* Option.swift */ = {isa = PBXFileReference; fileEncoding = 4; lastKnownFileType = sourcecode.swift; name = Option.swift; path = CommandLine/Option.swift; sourceTree = SOURCE_ROOT; };
		0FB963A61A38C2C700EC40AE /* StringExtensions.swift */ = {isa = PBXFileReference; fileEncoding = 4; lastKnownFileType = sourcecode.swift; name = StringExtensions.swift; path = CommandLine/StringExtensions.swift; sourceTree = SOURCE_ROOT; };
		9AE269B51CABF509008D8F75 /* PluginHeaderHelper.h */ = {isa = PBXFileReference; fileEncoding = 4; lastKnownFileType = sourcecode.c.h; path = PluginHeaderHelper.h; sourceTree = "<group>"; };
		9AE269B61CABF509008D8F75 /* PluginHeaderHelper.cpp */ = {isa = PBXFileReference; fileEncoding = 4; lastKnownFileType = sourcecode.cpp.cpp; path = PluginHeaderHelper.cpp; sourceTree = "<group>"; };
		9AE269B71CABF509008D8F75 /* PluginHeader.h */ = {isa = PBXFileReference; fileEncoding = 4; lastKnownFileType = sourcecode.c.h; path = PluginHeader.h; sourceTree = "<group>"; };
/* End PBXFileReference section */

/* Begin PBXFrameworksBuildPhase section */
		0FB963961A38C13000EC40AE /* Frameworks */ = {
			isa = PBXFrameworksBuildPhase;
			buildActionMask = 2147483647;
			files = (
			);
			runOnlyForDeploymentPostprocessing = 0;
		};
/* End PBXFrameworksBuildPhase section */

/* Begin PBXGroup section */
		0FB963901A38C13000EC40AE = {
			isa = PBXGroup;
			children = (
				0FB9639B1A38C13000EC40AE /* xrecord */,
				0FB9639A1A38C13000EC40AE /* Products */,
			);
			sourceTree = "<group>";
		};
		0FB9639A1A38C13000EC40AE /* Products */ = {
			isa = PBXGroup;
			children = (
				0FB963991A38C13000EC40AE /* xrecord */,
			);
			name = Products;
			sourceTree = "<group>";
		};
		0FB9639B1A38C13000EC40AE /* xrecord */ = {
			isa = PBXGroup;
			children = (
				9AE269B51CABF509008D8F75 /* PluginHeaderHelper.h */,
				9AE269B61CABF509008D8F75 /* PluginHeaderHelper.cpp */,
				9AE269B71CABF509008D8F75 /* PluginHeader.h */,
				0FB963AA1A38C2D300EC40AE /* CommandLine */,
				0FB9639C1A38C13000EC40AE /* main.swift */,
				0F3CE70E1A9CCBED001F432C /* support.mm */,
				0F3CE70D1A9CCBED001F432C /* xrecord-Bridging-Header.h */,
				0F3CE7101A9CCD34001F432C /* support.h */,
				0F54EDD51A9F6CDE005C41AA /* capture.swift */,
				0F5EB0971A9FC08E0029F654 /* LICENSE */,
			);
			path = xrecord;
			sourceTree = "<group>";
		};
		0FB963AA1A38C2D300EC40AE /* CommandLine */ = {
			isa = PBXGroup;
			children = (
				0FB963A31A38C2C700EC40AE /* CommandLine.swift */,
				0FB963A51A38C2C700EC40AE /* Option.swift */,
				0FB963A61A38C2C700EC40AE /* StringExtensions.swift */,
			);
			name = CommandLine;
			sourceTree = "<group>";
		};
/* End PBXGroup section */

/* Begin PBXNativeTarget section */
		0FB963981A38C13000EC40AE /* xrecord */ = {
			isa = PBXNativeTarget;
			buildConfigurationList = 0FB963A01A38C13000EC40AE /* Build configuration list for PBXNativeTarget "xrecord" */;
			buildPhases = (
				0FB963951A38C13000EC40AE /* Sources */,
				0FB963961A38C13000EC40AE /* Frameworks */,
				0FB963971A38C13000EC40AE /* CopyFiles */,
			);
			buildRules = (
			);
			dependencies = (
			);
			name = xrecord;
			productName = xrecord;
			productReference = 0FB963991A38C13000EC40AE /* xrecord */;
			productType = "com.apple.product-type.tool";
		};
/* End PBXNativeTarget section */

/* Begin PBXProject section */
		0FB963911A38C13000EC40AE /* Project object */ = {
			isa = PBXProject;
			attributes = {
				LastSwiftMigration = 0700;
				LastSwiftUpdateCheck = 0700;
				LastUpgradeCheck = 0700;
				ORGANIZATIONNAME = "WPO Foundation";
				TargetAttributes = {
					0FB963981A38C13000EC40AE = {
						CreatedOnToolsVersion = 6.1.1;
						LastSwiftMigration = 0820;
					};
				};
			};
			buildConfigurationList = 0FB963941A38C13000EC40AE /* Build configuration list for PBXProject "xrecord" */;
			compatibilityVersion = "Xcode 3.2";
			developmentRegion = English;
			hasScannedForEncodings = 0;
			knownRegions = (
				en,
			);
			mainGroup = 0FB963901A38C13000EC40AE;
			productRefGroup = 0FB9639A1A38C13000EC40AE /* Products */;
			projectDirPath = "";
			projectRoot = "";
			targets = (
				0FB963981A38C13000EC40AE /* xrecord */,
			);
		};
/* End PBXProject section */

/* Begin PBXSourcesBuildPhase section */
		0FB963951A38C13000EC40AE /* Sources */ = {
			isa = PBXSourcesBuildPhase;
			buildActionMask = 2147483647;
			files = (
				0FB963A91A38C2C700EC40AE /* StringExtensions.swift in Sources */,
				0F3CE70F1A9CCBED001F432C /* support.mm in Sources */,
				0FB9639D1A38C13000EC40AE /* main.swift in Sources */,
				0FB963A81A38C2C700EC40AE /* Option.swift in Sources */,
				0F54EDD61A9F6CDE005C41AA /* capture.swift in Sources */,
				0FB963A71A38C2C700EC40AE /* CommandLine.swift in Sources */,
				9AE269B81CABF509008D8F75 /* PluginHeaderHelper.cpp in Sources */,
			);
			runOnlyForDeploymentPostprocessing = 0;
		};
/* End PBXSourcesBuildPhase section */

/* Begin XCBuildConfiguration section */
		0FB9639E1A38C13000EC40AE /* Debug */ = {
			isa = XCBuildConfiguration;
			buildSettings = {
				ALWAYS_SEARCH_USER_PATHS = NO;
				CLANG_CXX_LANGUAGE_STANDARD = "gnu++0x";
				CLANG_CXX_LIBRARY = "libc++";
				CLANG_ENABLE_MODULES = YES;
				CLANG_ENABLE_OBJC_ARC = YES;
				CLANG_WARN_BOOL_CONVERSION = YES;
				CLANG_WARN_CONSTANT_CONVERSION = YES;
				CLANG_WARN_DIRECT_OBJC_ISA_USAGE = YES_ERROR;
				CLANG_WARN_EMPTY_BODY = YES;
				CLANG_WARN_ENUM_CONVERSION = YES;
				CLANG_WARN_INT_CONVERSION = YES;
				CLANG_WARN_OBJC_ROOT_CLASS = YES_ERROR;
				CLANG_WARN_UNREACHABLE_CODE = YES;
				CLANG_WARN__DUPLICATE_METHOD_MATCH = YES;
				COPY_PHASE_STRIP = NO;
				ENABLE_STRICT_OBJC_MSGSEND = YES;
				ENABLE_TESTABILITY = YES;
				GCC_C_LANGUAGE_STANDARD = gnu99;
				GCC_DYNAMIC_NO_PIC = NO;
				GCC_OPTIMIZATION_LEVEL = 0;
				GCC_PREPROCESSOR_DEFINITIONS = (
					"DEBUG=1",
					"$(inherited)",
				);
				GCC_SYMBOLS_PRIVATE_EXTERN = NO;
				GCC_WARN_64_TO_32_BIT_CONVERSION = YES;
				GCC_WARN_ABOUT_RETURN_TYPE = YES_ERROR;
				GCC_WARN_UNDECLARED_SELECTOR = YES;
				GCC_WARN_UNINITIALIZED_AUTOS = YES_AGGRESSIVE;
				GCC_WARN_UNUSED_FUNCTION = YES;
				GCC_WARN_UNUSED_VARIABLE = YES;
				MACOSX_DEPLOYMENT_TARGET = 10.10;
				MTL_ENABLE_DEBUG_INFO = YES;
				ONLY_ACTIVE_ARCH = YES;
				SDKROOT = macosx;
				SWIFT_OPTIMIZATION_LEVEL = "-Onone";
			};
			name = Debug;
		};
		0FB9639F1A38C13000EC40AE /* Release */ = {
			isa = XCBuildConfiguration;
			buildSettings = {
				ALWAYS_SEARCH_USER_PATHS = NO;
				CLANG_CXX_LANGUAGE_STANDARD = "gnu++0x";
				CLANG_CXX_LIBRARY = "libc++";
				CLANG_ENABLE_MODULES = YES;
				CLANG_ENABLE_OBJC_ARC = YES;
				CLANG_WARN_BOOL_CONVERSION = YES;
				CLANG_WARN_CONSTANT_CONVERSION = YES;
				CLANG_WARN_DIRECT_OBJC_ISA_USAGE = YES_ERROR;
				CLANG_WARN_EMPTY_BODY = YES;
				CLANG_WARN_ENUM_CONVERSION = YES;
				CLANG_WARN_INT_CONVERSION = YES;
				CLANG_WARN_OBJC_ROOT_CLASS = YES_ERROR;
				CLANG_WARN_UNREACHABLE_CODE = YES;
				CLANG_WARN__DUPLICATE_METHOD_MATCH = YES;
				COPY_PHASE_STRIP = YES;
				DEBUG_INFORMATION_FORMAT = "dwarf-with-dsym";
				ENABLE_NS_ASSERTIONS = NO;
				ENABLE_STRICT_OBJC_MSGSEND = YES;
				GCC_C_LANGUAGE_STANDARD = gnu99;
				GCC_WARN_64_TO_32_BIT_CONVERSION = YES;
				GCC_WARN_ABOUT_RETURN_TYPE = YES_ERROR;
				GCC_WARN_UNDECLARED_SELECTOR = YES;
				GCC_WARN_UNINITIALIZED_AUTOS = YES_AGGRESSIVE;
				GCC_WARN_UNUSED_FUNCTION = YES;
				GCC_WARN_UNUSED_VARIABLE = YES;
				MACOSX_DEPLOYMENT_TARGET = 10.10;
				MTL_ENABLE_DEBUG_INFO = NO;
				SDKROOT = macosx;
			};
			name = Release;
		};
		0FB963A11A38C13000EC40AE /* Debug */ = {
			isa = XCBuildConfiguration;
			buildSettings = {
				CLANG_ENABLE_MODULES = YES;
				LD_RUNPATH_SEARCH_PATHS = "$(inherited) @executable_path/../Frameworks @loader_path/../Frameworks";
				PRODUCT_NAME = "$(TARGET_NAME)";
				SWIFT_OBJC_BRIDGING_HEADER = "xrecord/xrecord-Bridging-Header.h";
				SWIFT_OPTIMIZATION_LEVEL = "-Onone";
				SWIFT_VERSION = 3.0;
			};
			name = Debug;
		};
		0FB963A21A38C13000EC40AE /* Release */ = {
			isa = XCBuildConfiguration;
			buildSettings = {
				CLANG_ENABLE_MODULES = YES;
				LD_RUNPATH_SEARCH_PATHS = "$(inherited) @executable_path/../Frameworks @loader_path/../Frameworks";
				PRODUCT_NAME = "$(TARGET_NAME)";
				SWIFT_OBJC_BRIDGING_HEADER = "xrecord/xrecord-Bridging-Header.h";
				SWIFT_VERSION = 3.0;
			};
			name = Release;
		};
/* End XCBuildConfiguration section */

/* Begin XCConfigurationList section */
		0FB963941A38C13000EC40AE /* Build configuration list for PBXProject "xrecord" */ = {
			isa = XCConfigurationList;
			buildConfigurations = (
				0FB9639E1A38C13000EC40AE /* Debug */,
				0FB9639F1A38C13000EC40AE /* Release */,
			);
			defaultConfigurationIsVisible = 0;
			defaultConfigurationName = Release;
		};
		0FB963A01A38C13000EC40AE /* Build configuration list for PBXNativeTarget "xrecord" */ = {
			isa = XCConfigurationList;
			buildConfigurations = (
				0FB963A11A38C13000EC40AE /* Debug */,
				0FB963A21A38C13000EC40AE /* Release */,
			);
			defaultConfigurationIsVisible = 0;
			defaultConfigurationName = Release;
		};
/* End XCConfigurationList section */
	};
	rootObject = 0FB963911A38C13000EC40AE /* Project object */;
}
